
Microsoft Visual Studio Solution File, Format Version 12.00
# Visual Studio Version 17
VisualStudioVersion = 17.0.32014.148
MinimumVisualStudioVersion = 10.0.40219.1
Project("{FAE04EC0-301F-11D3-BF4B-00C04F79EFBC}") = "aspProject", "aspProject\aspProject.csproj", "{AF959D72-2B96-40FB-BC2C-113BE2649A4F}"
EndProject
Global
	GlobalSection(SolutionConfigurationPlatforms) = preSolution
		Debug|Any CPU = Debug|Any CPU
		Release|Any CPU = Release|Any CPU
	EndGlobalSection
	GlobalSection(ProjectConfigurationPlatforms) = postSolution
		{AF959D72-2B96-40FB-BC2C-113BE2649A4F}.Debug|Any CPU.ActiveCfg = Debug|Any CPU
		{AF959D72-2B96-40FB-BC2C-113BE2649A4F}.Debug|Any CPU.Build.0 = Debug|Any CPU
		{AF959D72-2B96-40FB-BC2C-113BE2649A4F}.Release|Any CPU.ActiveCfg = Release|Any CPU
		{AF959D72-2B96-40FB-BC2C-113BE2649A4F}.Release|Any CPU.Build.0 = Release|Any CPU
	EndGlobalSection
	GlobalSection(SolutionProperties) = preSolution
		HideSolutionNode = FALSE
	EndGlobalSection
	GlobalSection(ExtensibilityGlobals) = postSolution
		SolutionGuid = {6B252432-0200-4CA1-A5D9-B8F6F2C02273}
	EndGlobalSection
EndGlobal
